
Microsoft Visual Studio Solution File, Format Version 12.00
# Visual Studio Version 16
VisualStudioVersion = 16.0.29102.190
MinimumVisualStudioVersion = 10.0.40219.1
Project("{FAE04EC0-301F-11D3-BF4B-00C04F79EFBC}") = "MyWebAPI", "MyWebAPI\MyWebAPI.csproj", "{D4266075-A188-46F9-80CE-A23E2F88F4F3}"
EndProject
Project("{FAE04EC0-301F-11D3-BF4B-00C04F79EFBC}") = "AplicacaoCliente", "AplicacaoCliente\AplicacaoCliente.csproj", "{130F8B21-0CF6-4622-BC22-DE34F5852E32}"
EndProject
Global
	GlobalSection(SolutionConfigurationPlatforms) = preSolution
		Debug|Any CPU = Debug|Any CPU
		Release|Any CPU = Release|Any CPU
	EndGlobalSection
	GlobalSection(ProjectConfigurationPlatforms) = postSolution
		{D4266075-A188-46F9-80CE-A23E2F88F4F3}.Debug|Any CPU.ActiveCfg = Debug|Any CPU
		{D4266075-A188-46F9-80CE-A23E2F88F4F3}.Debug|Any CPU.Build.0 = Debug|Any CPU
		{D4266075-A188-46F9-80CE-A23E2F88F4F3}.Release|Any CPU.ActiveCfg = Release|Any CPU
		{D4266075-A188-46F9-80CE-A23E2F88F4F3}.Release|Any CPU.Build.0 = Release|Any CPU
		{130F8B21-0CF6-4622-BC22-DE34F5852E32}.Debug|Any CPU.ActiveCfg = Debug|Any CPU
		{130F8B21-0CF6-4622-BC22-DE34F5852E32}.Debug|Any CPU.Build.0 = Debug|Any CPU
		{130F8B21-0CF6-4622-BC22-DE34F5852E32}.Release|Any CPU.ActiveCfg = Release|Any CPU
		{130F8B21-0CF6-4622-BC22-DE34F5852E32}.Release|Any CPU.Build.0 = Release|Any CPU
	EndGlobalSection
	GlobalSection(SolutionProperties) = preSolution
		HideSolutionNode = FALSE
	EndGlobalSection
	GlobalSection(ExtensibilityGlobals) = postSolution
		SolutionGuid = {E8F68BE0-DCAB-432C-93F0-A1B4AEDE8819}
	EndGlobalSection
EndGlobal
